
Microsoft Visual Studio Solution File, Format Version 12.00
# Visual Studio Version 17
VisualStudioVersion = 17.14.37012.4 d17.14
MinimumVisualStudioVersion = 10.0.40219.1
Project("{FAE04EC0-301F-11D3-BF4B-00C04F79EFBC}") = "RecordShopProject", "RecordShopProject\RecordShopProject.csproj", "{89480CFA-9E0E-4043-8B2D-5EB01D14E073}"
EndProject
Project("{2150E333-8FDC-42A3-9474-1A3956D46DE8}") = "Tests", "Tests", "{02EA681E-C7D8-13C7-8484-4AC65E1B71E8}"
EndProject
Project("{FAE04EC0-301F-11D3-BF4B-00C04F79EFBC}") = "RecordShopTests", "AlbumRepositoryTests\RecordShopTests.csproj", "{C0EAE6EC-2E61-4FCF-A455-3C65265E7703}"
EndProject
Global
	GlobalSection(SolutionConfigurationPlatforms) = preSolution
		Debug|Any CPU = Debug|Any CPU
		Release|Any CPU = Release|Any CPU
	EndGlobalSection
	GlobalSection(ProjectConfigurationPlatforms) = postSolution
		{89480CFA-9E0E-4043-8B2D-5EB01D14E073}.Debug|Any CPU.ActiveCfg = Debug|Any CPU
		{89480CFA-9E0E-4043-8B2D-5EB01D14E073}.Debug|Any CPU.Build.0 = Debug|Any CPU
		{89480CFA-9E0E-4043-8B2D-5EB01D14E073}.Release|Any CPU.ActiveCfg = Release|Any CPU
		{89480CFA-9E0E-4043-8B2D-5EB01D14E073}.Release|Any CPU.Build.0 = Release|Any CPU
		{C0EAE6EC-2E61-4FCF-A455-3C65265E7703}.Debug|Any CPU.ActiveCfg = Debug|Any CPU
		{C0EAE6EC-2E61-4FCF-A455-3C65265E7703}.Debug|Any CPU.Build.0 = Debug|Any CPU
		{C0EAE6EC-2E61-4FCF-A455-3C65265E7703}.Release|Any CPU.ActiveCfg = Release|Any CPU
		{C0EAE6EC-2E61-4FCF-A455-3C65265E7703}.Release|Any CPU.Build.0 = Release|Any CPU
	EndGlobalSection
	GlobalSection(SolutionProperties) = preSolution
		HideSolutionNode = FALSE
	EndGlobalSection
	GlobalSection(NestedProjects) = preSolution
		{C0EAE6EC-2E61-4FCF-A455-3C65265E7703} = {02EA681E-C7D8-13C7-8484-4AC65E1B71E8}
	EndGlobalSection
	GlobalSection(ExtensibilityGlobals) = postSolution
		SolutionGuid = {D4ADB156-49BA-4060-BAC1-EC364A13D26B}
	EndGlobalSection
EndGlobal
